
Microsoft Visual Studio Solution File, Format Version 12.00
# Visual Studio Version 16
VisualStudioVersion = 16.0.33927.289
MinimumVisualStudioVersion = 10.0.40219.1
Project("{FAE04EC0-301F-11D3-BF4B-00C04F79EFBC}") = "PracticeDataset", "PracticeDataset\PracticeDataset.csproj", "{DE27A6CB-22F8-445B-BEC1-DDD933FDA39B}"
EndProject
Global
	GlobalSection(SolutionConfigurationPlatforms) = preSolution
		Debug|Any CPU = Debug|Any CPU
		Release|Any CPU = Release|Any CPU
	EndGlobalSection
	GlobalSection(ProjectConfigurationPlatforms) = postSolution
		{DE27A6CB-22F8-445B-BEC1-DDD933FDA39B}.Debug|Any CPU.ActiveCfg = Debug|Any CPU
		{DE27A6CB-22F8-445B-BEC1-DDD933FDA39B}.Debug|Any CPU.Build.0 = Debug|Any CPU
		{DE27A6CB-22F8-445B-BEC1-DDD933FDA39B}.Release|Any CPU.ActiveCfg = Release|Any CPU
		{DE27A6CB-22F8-445B-BEC1-DDD933FDA39B}.Release|Any CPU.Build.0 = Release|Any CPU
	EndGlobalSection
	GlobalSection(SolutionProperties) = preSolution
		HideSolutionNode = FALSE
	EndGlobalSection
	GlobalSection(ExtensibilityGlobals) = postSolution
		SolutionGuid = {83C4CDCE-AF47-4756-8AD6-97181AD9D671}
	EndGlobalSection
EndGlobal
