
Microsoft Visual Studio Solution File, Format Version 12.00
# Visual Studio Version 16
VisualStudioVersion = 16.0.33927.289
MinimumVisualStudioVersion = 10.0.40219.1
Project("{FAE04EC0-301F-11D3-BF4B-00C04F79EFBC}") = "PracticeEntity", "PracticeEntity\PracticeEntity.csproj", "{E23FDB7F-E676-49B7-BE8C-0BD7EE35AA71}"
EndProject
Global
	GlobalSection(SolutionConfigurationPlatforms) = preSolution
		Debug|Any CPU = Debug|Any CPU
		Release|Any CPU = Release|Any CPU
	EndGlobalSection
	GlobalSection(ProjectConfigurationPlatforms) = postSolution
		{E23FDB7F-E676-49B7-BE8C-0BD7EE35AA71}.Debug|Any CPU.ActiveCfg = Debug|Any CPU
		{E23FDB7F-E676-49B7-BE8C-0BD7EE35AA71}.Debug|Any CPU.Build.0 = Debug|Any CPU
		{E23FDB7F-E676-49B7-BE8C-0BD7EE35AA71}.Release|Any CPU.ActiveCfg = Release|Any CPU
		{E23FDB7F-E676-49B7-BE8C-0BD7EE35AA71}.Release|Any CPU.Build.0 = Release|Any CPU
	EndGlobalSection
	GlobalSection(SolutionProperties) = preSolution
		HideSolutionNode = FALSE
	EndGlobalSection
	GlobalSection(ExtensibilityGlobals) = postSolution
		SolutionGuid = {AC70679F-BD1E-4C6C-B8A5-4BE609F0835B}
	EndGlobalSection
EndGlobal
